
Microsoft Visual Studio Solution File, Format Version 12.00
# Visual Studio Version 16
VisualStudioVersion = 16.0.32106.194
MinimumVisualStudioVersion = 10.0.40219.1
Project("{FAE04EC0-301F-11D3-BF4B-00C04F79EFBC}") = "RevitApiFinal", "RevitApiFinal\RevitApiFinal.csproj", "{BCE1CCFC-F393-4F77-BEB3-33326E15C9E6}"
EndProject
Project("{FAE04EC0-301F-11D3-BF4B-00C04F79EFBC}") = "RevitApiFinal2", "RevitApiFinal2\RevitApiFinal2.csproj", "{081A46AA-C620-471D-8089-A2242E83C7B1}"
EndProject
Global
	GlobalSection(SolutionConfigurationPlatforms) = preSolution
		Debug|Any CPU = Debug|Any CPU
		Release|Any CPU = Release|Any CPU
	EndGlobalSection
	GlobalSection(ProjectConfigurationPlatforms) = postSolution
		{BCE1CCFC-F393-4F77-BEB3-33326E15C9E6}.Debug|Any CPU.ActiveCfg = Debug|Any CPU
		{BCE1CCFC-F393-4F77-BEB3-33326E15C9E6}.Debug|Any CPU.Build.0 = Debug|Any CPU
		{BCE1CCFC-F393-4F77-BEB3-33326E15C9E6}.Release|Any CPU.ActiveCfg = Release|Any CPU
		{BCE1CCFC-F393-4F77-BEB3-33326E15C9E6}.Release|Any CPU.Build.0 = Release|Any CPU
		{081A46AA-C620-471D-8089-A2242E83C7B1}.Debug|Any CPU.ActiveCfg = Debug|Any CPU
		{081A46AA-C620-471D-8089-A2242E83C7B1}.Debug|Any CPU.Build.0 = Debug|Any CPU
		{081A46AA-C620-471D-8089-A2242E83C7B1}.Release|Any CPU.ActiveCfg = Release|Any CPU
		{081A46AA-C620-471D-8089-A2242E83C7B1}.Release|Any CPU.Build.0 = Release|Any CPU
	EndGlobalSection
	GlobalSection(SolutionProperties) = preSolution
		HideSolutionNode = FALSE
	EndGlobalSection
	GlobalSection(ExtensibilityGlobals) = postSolution
		SolutionGuid = {94923D7C-E285-463D-9072-D8E72A8138F7}
	EndGlobalSection
EndGlobal
